{
  "lockfileVersion": 1,
  "configVersion": 0,
  "workspaces": {
    "": {
      "name": "dropfarmer",
      "dependencies": {
        "@fontsource-variable/geist": "^5.3.0",
        "@fontsource-variable/geist-mono": "^5.3.0",
        "@tauri-apps/api": "^2.0.0",
        "lucide-svelte": "^0.468.0",
        "svelte": "^5.0.0",
      },
      "devDependencies": {
        "@sveltejs/vite-plugin-svelte": "^6.0.0",
        "@tauri-apps/cli": "^2.0.0",
        "prettier": "^3.9.9",
        "prettier-plugin-svelte": "^4.1.1",
        "svelte-check": "^4.0.0",
        "typescript": "~5.9.3",
        "vite": "^7.0.0",
        "vitest": "^4.1.11",
      },
    },
  },
  "packages": {
    "@esbuild/aix-ppc64": ["@esbuild/aix-ppc64@0.28.2", "", { "os": "aix", "cpu": "ppc64" }, "sha512-XExcO+dvLKvVtNTibSTBej1NCAbaGhWn9Ww1ZPx80qsahhPFe/8jgWP0IchNe0F3HwkU7n8ejhH8bjonqht8mQ=="],

    "@esbuild/android-arm": ["@esbuild/android-arm@0.28.2", "", { "os": "android", "cpu": "arm" }, "sha512-kXXoiPVVGQcnIYGOeaovwOURpniDBpSq4A03qkQ+BMQqtGG6HYap3xne9C1O1yo4TR3qxlCX5IqqmX6fFo2Lqg=="],

    "@esbuild/android-arm64": ["@esbuild/android-arm64@0.28.2", "", { "os": "android", "cpu": "arm64" }, "sha512-5YfKeeI8qWfBZIX+u2xZC3Zlb3Os/gLS2sbEKM+I4ZOcsWmHS2WLysCcQZDAFRslDUU5Oiq44gf6PYN1vGwG5A=="],

    "@esbuild/android-x64": ["@esbuild/android-x64@0.28.2", "", { "os": "android", "cpu": "x64" }, "sha512-O387ite7SzUyCcy3JQX4P4bLtEA7bLLkx+esve5JHnyYfNTxcVpXZo9jhdB0lTKN44gztELTdU7nS8Nr16Fs1Q=="],

    "@esbuild/darwin-arm64": ["@esbuild/darwin-arm64@0.28.2", "", { "os": "darwin", "cpu": "arm64" }, "sha512-n4KqkOQrraxHJcgjM1RvwbigfQKIKJVpM7xp+KsxiyUSrRdIXnt73VhrPAx0fV44hgfmIVKjxMN9J1t5jySVkw=="],

    "@esbuild/darwin-x64": ["@esbuild/darwin-x64@0.28.2", "", { "os": "darwin", "cpu": "x64" }, "sha512-uq6suIWYP37qzGddBKPw5QEQPi6HiLGsO7UmkpfyaYNQ3D+rN6w6WfwH+nuqcGXWvawGwxOEroO4YGnFh95azw=="],

    "@esbuild/freebsd-arm64": ["@esbuild/freebsd-arm64@0.28.2", "", { "os": "freebsd", "cpu": "arm64" }, "sha512-n+I0BTSRIoy+d6RPKnEVwql5UwBJolytvY4mAOIEJorKlqgPII8ix6slVVrfZ5Tnj7glIZvloylbB/EJPMWEXw=="],

    "@esbuild/freebsd-x64": ["@esbuild/freebsd-x64@0.28.2", "", { "os": "freebsd", "cpu": "x64" }, "sha512-78XJTJkvPs0kz2w61301PJjXl4g7q3JqiYMZ/M/yVI73EHBrCRTgkhu9oqG7vPqq+a/yadEW8aD+agKlk5xrmg=="],

    "@esbuild/linux-arm": ["@esbuild/linux-arm@0.28.2", "", { "os": "linux", "cpu": "arm" }, "sha512-XlDnu2q5yoqems+xay6wSAcg9DDD7K9RLKZEBOMZm3ckNpJBvOX20tSfby8KfrrhINDyv9V2YVZKY/SpoGJI8w=="],

    "@esbuild/linux-arm64": ["@esbuild/linux-arm64@0.28.2", "", { "os": "linux", "cpu": "arm64" }, "sha512-pW4AC0P3it8c7do9MVM4p51FzHzdM/TZrerurgRcHJ2WTa1VQ1CIq18xncfpBJw4ojkiZZrKW2yIBWBP92j6Ug=="],

    "@esbuild/linux-ia32": ["@esbuild/linux-ia32@0.28.2", "", { "os": "linux", "cpu": "ia32" }, "sha512-CYbnj78HsIeA+DhgUKgFCfvNsTHFhMMrinUrMZpDXJXKN8T3XViTZ/+wtHeVxEWY8ewSzTFN+nRmSwO2tZaLUQ=="],

    "@esbuild/linux-loong64": ["@esbuild/linux-loong64@0.28.2", "", { "os": "linux", "cpu": "none" }, "sha512-buwkd8nsph4R+ajRvw0qM5Hja/TXQow3ptzWO2EbG/cqcIkHloRrdlBtQlshyYGTNFvfkfJ5tpPLVkY4DtsPfQ=="],

    "@esbuild/linux-mips64el": ["@esbuild/linux-mips64el@0.28.2", "", { "os": "linux", "cpu": "none" }, "sha512-ZVykbDyk7519VwiNb9Lcj9m8XM6v5V9uKPvrEMkkEedVewf+0itkhahp4HDpgERXhwLRpWFypsGbG/J8s0QjJA=="],

    "@esbuild/linux-ppc64": ["@esbuild/linux-ppc64@0.28.2", "", { "os": "linux", "cpu": "ppc64" }, "sha512-CAXl+Dtd9UUuJd8pKKdwh6MLm3MUMiqMPmhZ3tTSXPqfyQ3vDl6R5hZdZ/kYojK4ofXtdfSv1tFq8XzWx3heNQ=="],

    "@esbuild/linux-riscv64": ["@esbuild/linux-riscv64@0.28.2", "", { "os": "linux", "cpu": "none" }, "sha512-GeXCej4IQtU1B+QlDV8W/RRvbzI3O/Stss+/bCXv4lZls5WGRtu2a+3JkA3i4qIUlMXpcHebWpF8AkJhATowuA=="],

    "@esbuild/linux-s390x": ["@esbuild/linux-s390x@0.28.2", "", { "os": "linux", "cpu": "s390x" }, "sha512-3H1weTYZPxt/WOhByszQZybS9w5lKzUn1FDMsgEChbHWQwHYQQRfBxgCcZvPhjHfKyJjIievvMmEUawJrdY9Dg=="],

    "@esbuild/linux-x64": ["@esbuild/linux-x64@0.28.2", "", { "os": "linux", "cpu": "x64" }, "sha512-4xTZr1FUmSoQW4XIWmit3tzQrUTZM+N3P0XV8xROKYF50XfI7xeO90+1bZvNwxIufQ9hDQVRJH5YhgPVF8A/HQ=="],

    "@esbuild/netbsd-arm64": ["@esbuild/netbsd-arm64@0.28.2", "", { "os": "none", "cpu": "arm64" }, "sha512-sSATRjPeDBg3pdgHoQfoYBob11Kk1FGa9lui5RIHZCoCkJa9QKlvl3/vKz2usCmYYjs7ymJR/2Nnsqe+Hjt5nw=="],

    "@esbuild/netbsd-x64": ["@esbuild/netbsd-x64@0.28.2", "", { "os": "none", "cpu": "x64" }, "sha512-lqnzCV+mM0gIADaKihiCg6ifgfU2L3h5E33rNQBN1Y4MaVGnzryzmvvf7UHxprpQdE8hpqLolJ9Rl+SkIRDpyw=="],

    "@esbuild/openbsd-arm64": ["@esbuild/openbsd-arm64@0.28.2", "", { "os": "openbsd", "cpu": "arm64" }, "sha512-AL2qJILH7lNjrDmCQDvdxMfAUIv8KMNZOvrwAQ8i8//ntL9FflhOyMJ8OZSMBb8/AWXe3/5v5S20y3zCoZWKoQ=="],

    "@esbuild/openbsd-x64": ["@esbuild/openbsd-x64@0.28.2", "", { "os": "openbsd", "cpu": "x64" }, "sha512-QtiuPytchRyC4rwUKhexJdQKvDuZ6hWloi3igqPQNUJCS1/v9EiO3UTOXR6A3FoMo4fnAKbWJdqaIwhOzh8qEw=="],

    "@esbuild/openharmony-arm64": ["@esbuild/openharmony-arm64@0.28.2", "", { "os": "none", "cpu": "arm64" }, "sha512-WkhYDmpTjLvGlScA1rwjRUmhl4k8oXR3cIbtqWmELgU/dFeHHlEllxDvdWcNJV9rbzCexB5vz8gtNewWLgCT7Q=="],

    "@esbuild/sunos-x64": ["@esbuild/sunos-x64@0.28.2", "", { "os": "sunos", "cpu": "x64" }, "sha512-GPMSkTOtMnv2U2F8gxe4Io6qmVs+YKyp832Etqqxr0hFngmXQ3rzwytelm3GIn7T4VviRUlf3sOgBOiTdvaf7g=="],

    "@esbuild/win32-arm64": ["@esbuild/win32-arm64@0.28.2", "", { "os": "win32", "cpu": "arm64" }, "sha512-PIhhEkE9uPBleRBrQEJpUn7MBnibZzbGzYWPmY3x+YoVg/95zbjB4CxPPOQ8l5tYYM4mMaCthF8/1DIfBQQyWQ=="],

    "@esbuild/win32-ia32": ["@esbuild/win32-ia32@0.28.2", "", { "os": "win32", "cpu": "ia32" }, "sha512-YmJbfTlvU7Sdn9BB+4PRES4oB6pxgS37MAONj+hBr/cpXS1aBPKXxNnDbu+QCWPj0o9dgyxeq79g6c5P8KeuYA=="],

    "@esbuild/win32-x64": ["@esbuild/win32-x64@0.28.2", "", { "os": "win32", "cpu": "x64" }, "sha512-5ebpxr3nWMzrL/rnUI755Jkuee0bHL/Gq0WTF9lvcpv73wAp5eu8MfBUgWK9bhWvZjj7yX8etf/8tI8Ney695g=="],

    "@fontsource-variable/geist": ["@fontsource-variable/geist@5.3.0", "", {}, "sha512-j0m+vLQuG5XAYoHtGCVu0spvlGreR3EzpECUVzkFmI1mTVnAO38l/NEPDCFgZ177JxzYJCLSmTQibIiYPilGrA=="],

    "@fontsource-variable/geist-mono": ["@fontsource-variable/geist-mono@5.3.0", "", {}, "sha512-vBbuwDEo9AkrqADMXOrlAR3DFcJi4/JxeuU43FoiQERnNwsfXNnvxvReZG02cQKmyk4DZkZdBZX3oTDvy2zBAw=="],

    "@jridgewell/gen-mapping": ["@jridgewell/gen-mapping@0.3.13", "", { "dependencies": { "@jridgewell/sourcemap-codec": "^1.5.0", "@jridgewell/trace-mapping": "^0.3.24" } }, "sha512-2kkt/7niJ6MgEPxF0bYdQ6etZaA+fQvDcLKckhy1yIQOzaoKjBBjSj63/aLVjYE3qhRt5dvM+uUyfCg6UKCBbA=="],

    "@jridgewell/remapping": ["@jridgewell/remapping@2.3.5", "", { "dependencies": { "@jridgewell/gen-mapping": "^0.3.5", "@jridgewell/trace-mapping": "^0.3.24" } }, "sha512-LI9u/+laYG4Ds1TDKSJW2YPrIlcVYOwi2fUC6xB43lueCjgxV4lffOCZCtYFiH6TNOX+tQKXx97T4IKHbhyHEQ=="],

    "@jridgewell/resolve-uri": ["@jridgewell/resolve-uri@3.1.2", "", {}, "sha512-bRISgCIjP20/tbWSPWMEi54QVPRZExkuD9lJL+UIxUKtwVJA8wW1Trb1jMs1RFXo1CBTNZ/5hpC9QvmKWdopKw=="],

    "@jridgewell/sourcemap-codec": ["@jridgewell/sourcemap-codec@1.6.0", "", {}, "sha512-T7jf+5zgsZHwNJ4lvQ7/aezbyk0nNX+zJVWpmHA7VYsEx7a7qr5Rg5IbtJFqkgze5Y2sruq1RUY8Q837Od7iFw=="],

    "@jridgewell/trace-mapping": ["@jridgewell/trace-mapping@0.3.31", "", { "dependencies": { "@jridgewell/resolve-uri": "^3.1.0", "@jridgewell/sourcemap-codec": "^1.4.14" } }, "sha512-zzNR+SdQSDJzc8joaeP8QQoCQr8NuYx2dIIytl1QeBEZHJ9uW6hebsrYgbz8hJwUQao3TWCMtmfV8Nu1twOLAw=="],

    "@napi-rs/lzma-linux-x64-gnu": ["@napi-rs/lzma-linux-x64-gnu@1.5.1", "", { "os": "linux", "cpu": "x64" }, "sha512-oTXEIha4SsuXdTA4Iyskj0kpdx2yVXdhd75c2v3xGrHFfVMsbhTPZU/nMPL4sWKo4pBHm3aucLaqGlF696dTyQ=="],

    "@rollup/rollup-android-arm-eabi": ["@rollup/rollup-android-arm-eabi@4.63.6", "", { "os": "android", "cpu": "arm" }, "sha512-G6xF9OVRWsbHadMfoPNUDwW/Jt70QYG+ZDUvtYCFxjf3SPhqVAO0u9ShXZ7Cf5silVoRWyN4bDjCEKnJkXkw0w=="],

    "@rollup/rollup-android-arm64": ["@rollup/rollup-android-arm64@4.63.6", "", { "os": "android", "cpu": "arm64" }, "sha512-Us/kTH5e2anr1CQvO8MEq4eeCVcIXI3Ag7OFxDI30n2OW7Q7xWuxo8ItbYq28PG2Sm1NWmZzG9+SqVEaj25SFA=="],

    "@rollup/rollup-darwin-arm64": ["@rollup/rollup-darwin-arm64@4.63.6", "", { "os": "darwin", "cpu": "arm64" }, "sha512-fwaSNrSHp9PJuEh4bKtd0mYC+G3FeVDjSTmsSiSlIYu7TFCpxrfB6lk7Ao8cIbswFyklPB1ZDUV8LkLBM15VWw=="],

    "@rollup/rollup-darwin-x64": ["@rollup/rollup-darwin-x64@4.63.6", "", { "os": "darwin", "cpu": "x64" }, "sha512-QR2tx26gCeGh4eAGnUasfnJuRc+d7Vc0Jo1/fYtKGuiKqCuhbVpbNEvqgYGBwGDZGyS04jj+zdHi9W8uvb1Sdw=="],

    "@rollup/rollup-freebsd-arm64": ["@rollup/rollup-freebsd-arm64@4.63.6", "", { "os": "freebsd", "cpu": "arm64" }, "sha512-7E1wRJEW8r7WlqmCy58ugndWHrzoEV/pRt2x0D9el7Inra62+Cw00lYW9XhW6iUCtFjhNw49McsSCIzJ/nG8uw=="],

    "@rollup/rollup-freebsd-x64": ["@rollup/rollup-freebsd-x64@4.63.6", "", { "os": "freebsd", "cpu": "x64" }, "sha512-13KJeF+vDswMzEHmMIouCVcEQdov3CzAA3ZhM8QFmBJV/FZ/VMZI49UHDvPXTK+wokk86kYPmQ9Qb3xGGJbZoQ=="],

    "@rollup/rollup-linux-arm-gnueabihf": ["@rollup/rollup-linux-arm-gnueabihf@4.63.6", "", { "os": "linux", "cpu": "arm" }, "sha512-hV+W1r8HM84PER4If94QuzrrD0DNk4CxobNhVUiz9ZiiWHDzJss4Jra2AYGH1a7GOTzjS1sIyZ35yYEhw/aq+g=="],

    "@rollup/rollup-linux-arm-musleabihf": ["@rollup/rollup-linux-arm-musleabihf@4.63.6", "", { "os": "linux", "cpu": "arm" }, "sha512-5dWs/GENZufRph8PEfl0TrNH/R3DHJA+VxF/dqlfV2oUZfxRtN3qmFXg2DZj8DYM8d+Vd3dgZtuVmoBE/nb2YQ=="],

    "@rollup/rollup-linux-arm64-gnu": ["@rollup/rollup-linux-arm64-gnu@4.63.6", "", { "os": "linux", "cpu": "arm64" }, "sha512-inQYLPVIUvYk+s7zpxQldqwrajUNs+t4TJjPGzsdPTvsT8gsQXVcW/sQFolHZ3YSWVk0nMMwU7TtRi0Ow+QMuw=="],

    "@rollup/rollup-linux-arm64-musl": ["@rollup/rollup-linux-arm64-musl@4.63.6", "", { "os": "linux", "cpu": "arm64" }, "sha512-sH+0MV1HmDC1q7+bQnlN9ywKBmHqkA2EdD/hHYrrz654ybc+vNC1FRNyzuYKicMQVtZZ4X2jz0osJYmsOtnj4g=="],

    "@rollup/rollup-linux-loong64-gnu": ["@rollup/rollup-linux-loong64-gnu@4.63.6", "", { "os": "linux", "cpu": "none" }, "sha512-mCECvRr6HGekdBc6dvHzUWubqEti4JyOqlNePrOzl4Wimk26iW5Zy9rld2mQbC9id1NYjfF8nHLFq5fr3CuOKQ=="],

    "@rollup/rollup-linux-loong64-musl": ["@rollup/rollup-linux-loong64-musl@4.63.6", "", { "os": "linux", "cpu": "none" }, "sha512-bb9rdoCPwM4DEsbOP3CJgFnvhSJ3XKCUYyUhxnlSs/XGT0DknpOYgLCPbK8VUzwl+cZGzFQm0KbBYRaSGZC2YQ=="],

    "@rollup/rollup-linux-ppc64-gnu": ["@rollup/rollup-linux-ppc64-gnu@4.63.6", "", { "os": "linux", "cpu": "ppc64" }, "sha512-aIJRoGCHev45JSu7JMzVrMzu1NX3nQrXx1Vb/6y4AblxW7JpCMpk4e8C6lHzvSElxi3UEcMdFJldsuWQjV1ddA=="],

    "@rollup/rollup-linux-ppc64-musl": ["@rollup/rollup-linux-ppc64-musl@4.63.6", "", { "os": "linux", "cpu": "ppc64" }, "sha512-LvjnulezHjiaM5Ga9MPCDLTVddjvcrJhZc6vEz9fxeFRGPJsPAX9HuTuPTUQ3l8d+nYpZB/xWzUpuKJlLQm3VQ=="],

    "@rollup/rollup-linux-riscv64-gnu": ["@rollup/rollup-linux-riscv64-gnu@4.63.6", "", { "os": "linux", "cpu": "none" }, "sha512-YmhSBeYZwJ937s8tKpYAhms48N+tj7e+oFkbkVVxfMRdAiynK2AxqRapJXB4utyXxc/iYTkMfPRQ+7ZP0IO78w=="],

    "@rollup/rollup-linux-riscv64-musl": ["@rollup/rollup-linux-riscv64-musl@4.63.6", "", { "os": "linux", "cpu": "none" }, "sha512-9+YukhzqTvJvzfDXJJzkURK9TDY01nofNH3pyHGuucGC4xPvBVtIfCAqJjkjnmBEGJYNXB8sBc2EDt7xDgGenw=="],

    "@rollup/rollup-linux-s390x-gnu": ["@rollup/rollup-linux-s390x-gnu@4.63.6", "", { "os": "linux", "cpu": "s390x" }, "sha512-9G5AtEkpN/A89BILHHEL9aYRYTuFjwa8PUQqoEg8SDrwOZBKpwYqNlQCBNI5QPwGrf7qFlb6LNFilo8FCSA3Wg=="],

    "@rollup/rollup-linux-x64-gnu": ["@rollup/rollup-linux-x64-gnu@4.63.6", "", { "os": "linux", "cpu": "x64" }, "sha512-Ezx2E5D6Siz805j41x91JiGbzuCm8i2U98U37SQ7ytY737+wsJq+P9nPL6UmqDww491zO7MTivYOTrtmTTeCSw=="],

    "@rollup/rollup-linux-x64-musl": ["@rollup/rollup-linux-x64-musl@4.63.6", "", { "os": "linux", "cpu": "x64" }, "sha512-8EZ1Q3PB7yUjvR4MbFAnCBF1wF0XRe5QQqbtlJXP7ZX5C8iYlSQJugUhj9oS0gbUP4jp9qGhaIgFnV9Nvod86Q=="],

    "@rollup/rollup-openbsd-x64": ["@rollup/rollup-openbsd-x64@4.63.6", "", { "os": "openbsd", "cpu": "x64" }, "sha512-3JI27TALItfZ/qaxXKdbRXfV6WepUoUa3IN07FE+1xxoRdl3JIyrp5PiDF0vOHsPgEiOFkF8s3B3BRymQkdwGA=="],

    "@rollup/rollup-openharmony-arm64": ["@rollup/rollup-openharmony-arm64@4.63.6", "", { "os": "none", "cpu": "arm64" }, "sha512-BNOGeNFNRZDT7Hfc7b9JbTZFXkpAXeXl/CZWtxdd5CNfBaor/0RkJjg+q+E2gwVIvGqqp/NclThKFGrhuScVhw=="],

    "@rollup/rollup-win32-arm64-msvc": ["@rollup/rollup-win32-arm64-msvc@4.63.6", "", { "os": "win32", "cpu": "arm64" }, "sha512-D3eEyLSIim5WF5fHbwnx+ryk0delN7fJyBrDTO3wVCCNBZ/cA8aCGwLS3SiuK+vRI4E7dqikAlStGuR20dBMuw=="],

    "@rollup/rollup-win32-ia32-msvc": ["@rollup/rollup-win32-ia32-msvc@4.63.6", "", { "os": "win32", "cpu": "ia32" }, "sha512-xwbs9g8zLbHzj1poG1uh27xtubsu27Gk2nuN6kvvGDybjiTfwMksQAnF+phlvI5oeXkJWWDc6kg1t3XpgUYvrg=="],

    "@rollup/rollup-win32-x64-gnu": ["@rollup/rollup-win32-x64-gnu@4.63.6", "", { "os": "win32", "cpu": "x64" }, "sha512-Tr6rhRNnFthvXr45zWVZQ5P8jZ5UwZnXNc7Qnu80cP/VVYtSioOPmvv7wP6UMgRfkBCJr2Pm60ua0YBDSJjgnw=="],

    "@rollup/rollup-win32-x64-msvc": ["@rollup/rollup-win32-x64-msvc@4.63.6", "", { "os": "win32", "cpu": "x64" }, "sha512-0RAxO1pS/6lY1mSoD2Apm+6aPyfUlm+OWKgncIdj/eVN9I+pDY3lKgD7xsUNFei1u7MZQETGOo6m8POXMDp53A=="],

    "@standard-schema/spec": ["@standard-schema/spec@1.1.0", "", {}, "sha512-l2aFy5jALhniG5HgqrD6jXLi/rUWrKvqN/qJx6yoJsgKhblVd+iqqU4RCXavm/jPityDo5TCvKMnpjKnOriy0w=="],

    "@sveltejs/acorn-typescript": ["@sveltejs/acorn-typescript@1.0.13", "", { "peerDependencies": { "acorn": "^8.9.0" } }, "sha512-wgKggnhZVL9Bfx1OaKKTrYY9BFRk6C8UAkQNUcIv1+llzYrIqy+RZm5HPKzn0NpEBvTVhTqB4kQyllZywsRBRQ=="],

    "@sveltejs/load-config": ["@sveltejs/load-config@0.2.3", "", {}, "sha512-VT3qmUb8pRV2QrZjd8iAmtg8lf4W0TIjZbvXtz5MKei/q96teWZgGJyyidJzOjzZzvdq616eSRVeMYIQChUTAQ=="],

    "@sveltejs/vite-plugin-svelte": ["@sveltejs/vite-plugin-svelte@6.2.4", "", { "dependencies": { "@sveltejs/vite-plugin-svelte-inspector": "^5.0.0", "deepmerge": "^4.3.1", "magic-string": "^0.30.21", "obug": "^2.1.0", "vitefu": "^1.1.1" }, "peerDependencies": { "svelte": "^5.0.0", "vite": "^6.3.0 || ^7.0.0" } }, "sha512-ou/d51QSdTyN26D7h6dSpusAKaZkAiGM55/AKYi+9AGZw7q85hElbjK3kEyzXHhLSnRISHOYzVge6x0jRZ7DXA=="],

    "@sveltejs/vite-plugin-svelte-inspector": ["@sveltejs/vite-plugin-svelte-inspector@5.0.2", "", { "dependencies": { "obug": "^2.1.0" }, "peerDependencies": { "@sveltejs/vite-plugin-svelte": "^6.0.0-next.0", "svelte": "^5.0.0", "vite": "^6.3.0 || ^7.0.0" } }, "sha512-TZzRTcEtZffICSAoZGkPSl6Etsj2torOVrx6Uw0KpXxrec9Gg6jFWQ60Q3+LmNGfZSxHRCZL7vXVZIWmuV50Ig=="],

    "@tauri-apps/api": ["@tauri-apps/api@2.12.1", "", {}, "sha512-DeyFHa3wynpyoqTDikDEDGTJIq4LQ5USfolQGRmGIWT6JMADyxZBTDa5cAdT3tDg73rUXufPaCwN7aXBos4OnQ=="],

    "@tauri-apps/cli": ["@tauri-apps/cli@2.12.1", "", { "optionalDependencies": { "@tauri-apps/cli-darwin-arm64": "2.12.1", "@tauri-apps/cli-darwin-x64": "2.12.1", "@tauri-apps/cli-linux-arm-gnueabihf": "2.12.1", "@tauri-apps/cli-linux-arm64-gnu": "2.12.1", "@tauri-apps/cli-linux-arm64-musl": "2.12.1", "@tauri-apps/cli-linux-riscv64-gnu": "2.12.1", "@tauri-apps/cli-linux-x64-gnu": "2.12.1", "@tauri-apps/cli-linux-x64-musl": "2.12.1", "@tauri-apps/cli-win32-arm64-msvc": "2.12.1", "@tauri-apps/cli-win32-ia32-msvc": "2.12.1", "@tauri-apps/cli-win32-x64-msvc": "2.12.1" }, "bin": { "tauri": "tauri.js" } }, "sha512-kEDEiGzG+yAc5FeLxtXpES/VN+F2C8H0r4gDVtfRLKxT9np9101d9REG/Kgo2lr0hKi0IpDsODiHnU3+naOmLg=="],

    "@tauri-apps/cli-darwin-arm64": ["@tauri-apps/cli-darwin-arm64@2.12.1", "", { "os": "darwin", "cpu": "arm64" }, "sha512-8bMnbpJ2jKO/ufrOPL65EMHC3ptw7fzeraoQkwibyfGLqIl+UCWsC0152kmNbW6r9NvVQduXqAZF5mH1QgTWhw=="],

    "@tauri-apps/cli-darwin-x64": ["@tauri-apps/cli-darwin-x64@2.12.1", "", { "os": "darwin", "cpu": "x64" }, "sha512-G+2qte8GNqNlEZ9ftd21rbu/APVkl3r/nzNDI7LVxEoqJWVNe9GbEgQUMH1r4PHT20Z2UxR3KjCkltIb0e/Wjg=="],

    "@tauri-apps/cli-linux-arm-gnueabihf": ["@tauri-apps/cli-linux-arm-gnueabihf@2.12.1", "", { "os": "linux", "cpu": "arm" }, "sha512-5b3n4DaTW+A1Zntnh4Yn44VyLrlPEpB8kMOBRfWkzNnzolBk+AYhKIfKjCLmoC8Mob3ETodxAEOMkE2YPKEWzQ=="],

    "@tauri-apps/cli-linux-arm64-gnu": ["@tauri-apps/cli-linux-arm64-gnu@2.12.1", "", { "os": "linux", "cpu": "arm64" }, "sha512-APArHhDu+8pXSCkCQmvaz1nD3d8WTmlCoSS/oG475TJ6AATBvyQOAmf5qELgsQ4s2+8MOsop0Zd699RKELF1Cw=="],

    "@tauri-apps/cli-linux-arm64-musl": ["@tauri-apps/cli-linux-arm64-musl@2.12.1", "", { "os": "linux", "cpu": "arm64" }, "sha512-JaCxcLoV0oGtllVkLr4UAHWG/wTfkEunnUqnsEsGYOp0VRxnUwHg63wFBD0jU2ul5eFfSLIDS4RF2gfzsSo5Jg=="],

    "@tauri-apps/cli-linux-riscv64-gnu": ["@tauri-apps/cli-linux-riscv64-gnu@2.12.1", "", { "os": "linux", "cpu": "none" }, "sha512-K5+VXM7+SGVDwZleA2+lMgvbTVuA5e1tkiVEawu1Yxj26ZyEfO8h8xTC1rBdRX2xgJDSwCk6vPUBCS6i+Z5slQ=="],

    "@tauri-apps/cli-linux-x64-gnu": ["@tauri-apps/cli-linux-x64-gnu@2.12.1", "", { "os": "linux", "cpu": "x64" }, "sha512-Z1QGPr49HJZMktu+Spu6Q1b/f9ANadXvqZZZt2645ua1x1ev6prOgp85eiGv2jRzohFEMLo6aJyaLjLUX5KIvA=="],

    "@tauri-apps/cli-linux-x64-musl": ["@tauri-apps/cli-linux-x64-musl@2.12.1", "", { "os": "linux", "cpu": "x64" }, "sha512-nHuEhRPOMSJ/8RRhtMRxB9B9lVr7xxpe4DapBz8x1GIau3vdzjHHJ1hAfmw+PyayPLZ6XoaVIHPgI17rX6ii8w=="],

    "@tauri-apps/cli-win32-arm64-msvc": ["@tauri-apps/cli-win32-arm64-msvc@2.12.1", "", { "os": "win32", "cpu": "arm64" }, "sha512-I0oPk2uGh86R8dAs2X5OxSP+/GqSc8jh1Px3l8EqrocSNivsRHDTh2k3PVOqdv163dlV6PIVvmhZAbH/lPfZrA=="],

    "@tauri-apps/cli-win32-ia32-msvc": ["@tauri-apps/cli-win32-ia32-msvc@2.12.1", "", { "os": "win32", "cpu": "ia32" }, "sha512-baNZRBfepAJ5qNFRMwzgBk94xQmkcmTZrNDjZjnzrq2vAaTC3NAhallb/zo3hyoCGQlMS13sdovktrg46NZz6Q=="],

    "@tauri-apps/cli-win32-x64-msvc": ["@tauri-apps/cli-win32-x64-msvc@2.12.1", "", { "os": "win32", "cpu": "x64" }, "sha512-dIFaKslrzcbesb+bBh+E1R9km241pHyj32w6D9FPtvQeYpRUFbiCLEa/2S+S0UnIytfxepp4P+X8IerGqnXeYg=="],

    "@types/chai": ["@types/chai@5.2.3", "", { "dependencies": { "@types/deep-eql": "*", "assertion-error": "^2.0.1" } }, "sha512-Mw558oeA9fFbv65/y4mHtXDs9bPnFMZAL/jxdPFUpOHHIXX91mcgEHbS5Lahr+pwZFR8A7GQleRWeI6cGFC2UA=="],

    "@types/deep-eql": ["@types/deep-eql@4.0.2", "", {}, "sha512-c9h9dVVMigMPc4bwTvC5dxqtqJZwQPePsWjPlpSOnojbor6pGqdk541lfA7AqFQr5pB1BRdq0juY9db81BwyFw=="],

    "@types/estree": ["@types/estree@1.0.9", "", {}, "sha512-GhdPgy1el4/ImP05X05Uw4cw2/M93BCUmnEvWZNStlCzEKME4Fkk+YpoA5OiHNQmoS7Cafb8Xa3Pya8m1Qrzeg=="],

    "@vitest/expect": ["@vitest/expect@4.1.11", "", { "dependencies": { "@standard-schema/spec": "^1.1.0", "@types/chai": "^5.2.2", "@vitest/spy": "4.1.11", "@vitest/utils": "4.1.11", "chai": "^6.2.2", "tinyrainbow": "^3.1.0" } }, "sha512-VX2x5vNJXET47KAFzwERI+KRMtTTCSWTfSMKsW7JsUsXV4psq++e3DvZpuTDOpHcxytiDs6p2nhVb2tVDiiUYw=="],

    "@vitest/mocker": ["@vitest/mocker@4.1.11", "", { "dependencies": { "@vitest/spy": "4.1.11", "estree-walker": "^3.0.3", "magic-string": "^0.30.21" }, "peerDependencies": { "msw": "^2.4.9", "vite": "^6.0.0 || ^7.0.0 || ^8.0.0" }, "optionalPeers": ["msw"] }, "sha512-2XJVD55d1o5AZous5CCGKS74g/riOj9odEt2bQpCVZeblHyHdnMeFl4jl0XjU21stf4mbjUkew2eXQZt65g5CQ=="],

    "@vitest/pretty-format": ["@vitest/pretty-format@4.1.11", "", { "dependencies": { "tinyrainbow": "^3.1.0" } }, "sha512-yiZzPbGTS9Sr/JpFl8zHrcIkAofNbFV6k21vIgQN/cY/oxZeXhJv5sc/MBJ5jFKWmWs+oJHw0UXLZjmf931+Vw=="],

    "@vitest/runner": ["@vitest/runner@4.1.11", "", { "dependencies": { "@vitest/utils": "4.1.11", "pathe": "^2.0.3" } }, "sha512-LztvUgdwMNJMIkj3hQnnxiC2Xy1zNxq928W/xhjCLaNCzqTZOudjwbQf6v9IntZGPw132i2Lq2rgTRZHD3JHNw=="],

    "@vitest/snapshot": ["@vitest/snapshot@4.1.11", "", { "dependencies": { "@vitest/pretty-format": "4.1.11", "@vitest/utils": "4.1.11", "magic-string": "^0.30.21", "pathe": "^2.0.3" } }, "sha512-pN7ikn1ON7h8ee4gIAp4AzyK+zBtJPzVbqOgu5LCEh4VaJVbPQcgYQYJIMGQPXVeJJq1fnfazis7a5pFNPahog=="],

    "@vitest/spy": ["@vitest/spy@4.1.11", "", {}, "sha512-apNa/prQy2qCeywhnixOHPRCgGNhvg7T4Dapfl1GahLp/R+uhBm5cPyFoNVyqsNd2h1nJxL6BqqdIjiABL60YA=="],

    "@vitest/utils": ["@vitest/utils@4.1.11", "", { "dependencies": { "@vitest/pretty-format": "4.1.11", "convert-source-map": "^2.0.0", "tinyrainbow": "^3.1.0" } }, "sha512-zTCVGpyFsGWBhllOyKlTw/vnr6D9qxsfSDyfbyZmTyjHw5N/VuvzHpHoQjm2ZJzn4RJgx5w4r7V0er69CmLgPQ=="],

    "acorn": ["acorn@8.18.0", "", { "bin": "bin/acorn" }, "sha512-lGq+9yr1/GuAWaVYIHRjvvySG5/4VfKIvC8EWxStPdcDh/Ka7FG3twP6v4d5BkravUilhIAsG4Qj83t02LWUPQ=="],

    "aria-query": ["aria-query@5.3.1", "", {}, "sha512-Z/ZeOgVl7bcSYZ/u/rh0fOpvEpq//LZmdbkXyc7syVzjPAhfOa9ebsdTSjEBDU4vs5nC98Kfduj1uFo0qyET3g=="],

    "assertion-error": ["assertion-error@2.0.1", "", {}, "sha512-Izi8RQcffqCeNVgFigKli1ssklIbpHnCYc6AknXGYoB6grJqyeby7jv12JUQgmTAnIDnbck1uxksT4dzN3PWBA=="],

    "axobject-query": ["axobject-query@4.1.0", "", {}, "sha512-qIj0G9wZbMGNLjLmg1PT6v2mE9AH2zlnADJD/2tC6E00hgmhUOfEB6greHPAfLRSufHqROIUTkw6E+M3lH0PTQ=="],

    "chai": ["chai@6.3.0", "", {}, "sha512-XWAtwJ6OHO+tj0EKCs0Y2UamnyOxseZWltU4x2U2wh8g4AigdjwvtUjvLP2tqkA/avxHEtzxNaqGq/YGNwckKg=="],

    "chokidar": ["chokidar@4.0.3", "", { "dependencies": { "readdirp": "^4.0.1" } }, "sha512-Qgzu8kfBvo+cA4962jnP1KkS6Dop5NS6g7R5LFYJr4b8Ub94PPQXUksCw9PvXoeXPRRddRNC5C1JQUR2SMGtnA=="],

    "clsx": ["clsx@2.1.1", "", {}, "sha512-eYm0QWBtUrBWZWG0d386OGAw16Z995PiOVo2B7bjWSbHedGl5e0ZWaq65kOGgUSNesEIDkB9ISbTg/JK9dhCZA=="],

    "convert-source-map": ["convert-source-map@2.0.0", "", {}, "sha512-Kvp459HrV2FEJ1CAsi1Ku+MY3kasH19TFykTz2xWmMeq6bk2NU3XXvfJ+Q61m0xktWwt+1HSYf3JZsTms3aRJg=="],

    "deepmerge": ["deepmerge@4.3.1", "", {}, "sha512-3sUqbMEc77XqpdNO7FRyRog+eW3ph+GYCbj+rK+uYyRMuwsVy0rMiVtPn+QJlKFvWP/1PYpapqYn0Me2knFn+A=="],

    "devalue": ["devalue@5.9.4", "", {}, "sha512-sPAT4pztbu6586/hrhOnMKS17IJrvg12mXiSPSS3W5qDeN2RGgvZ0diZCm31dBbnevfVmujNO3IM2wrS4Y2Rhg=="],

    "es-module-lexer": ["es-module-lexer@2.3.2", "", {}, "sha512-poHGpORABojJJucnV9KbOavETW8lBVnphkW77ER5/BQ5Fz7oXSoCNek7IH3vR5nRjdsEz926ibFYX8KtLQmdyw=="],

    "esbuild": ["esbuild@0.28.2", "", { "optionalDependencies": { "@esbuild/aix-ppc64": "0.28.2", "@esbuild/android-arm": "0.28.2", "@esbuild/android-arm64": "0.28.2", "@esbuild/android-x64": "0.28.2", "@esbuild/darwin-arm64": "0.28.2", "@esbuild/darwin-x64": "0.28.2", "@esbuild/freebsd-arm64": "0.28.2", "@esbuild/freebsd-x64": "0.28.2", "@esbuild/linux-arm": "0.28.2", "@esbuild/linux-arm64": "0.28.2", "@esbuild/linux-ia32": "0.28.2", "@esbuild/linux-loong64": "0.28.2", "@esbuild/linux-mips64el": "0.28.2", "@esbuild/linux-ppc64": "0.28.2", "@esbuild/linux-riscv64": "0.28.2", "@esbuild/linux-s390x": "0.28.2", "@esbuild/linux-x64": "0.28.2", "@esbuild/netbsd-arm64": "0.28.2", "@esbuild/netbsd-x64": "0.28.2", "@esbuild/openbsd-arm64": "0.28.2", "@esbuild/openbsd-x64": "0.28.2", "@esbuild/openharmony-arm64": "0.28.2", "@esbuild/sunos-x64": "0.28.2", "@esbuild/win32-arm64": "0.28.2", "@esbuild/win32-ia32": "0.28.2", "@esbuild/win32-x64": "0.28.2" }, "bin": "bin/esbuild" }, "sha512-HKVLS8dvII+xoKW9kmqxbRKrnWEXfJJr/FZhhJmiqIB0e053QNYFqOBouTMO/k5sID4MvCiUCvv8b9M4h32wIA=="],

    "esm-env": ["esm-env@1.2.2", "", {}, "sha512-Epxrv+Nr/CaL4ZcFGPJIYLWFom+YeV1DqMLHJoEd9SYRxNbaFruBwfEX/kkHUJf55j2+TUbmDcmuilbP1TmXHA=="],

    "esrap": ["esrap@2.4.0", "", { "dependencies": { "@jridgewell/sourcemap-codec": "^1.4.15" }, "peerDependencies": { "@typescript-eslint/types": "^8.2.0" }, "optionalPeers": ["@typescript-eslint/types"] }, "sha512-CQPcneEHw/czj32uwQC52nYnax8H4SXt25FCM+LIwGZ49cMIxpOj3bP8wmzcI+Z0HIy5KkClaPhRLfCySzwHPA=="],

    "estree-walker": ["estree-walker@3.0.3", "", { "dependencies": { "@types/estree": "^1.0.0" } }, "sha512-7RUKfXgSMMkzt6ZuXmqapOurLGPPfgj6l9uRZ7lRGolvk0y2yocc35LdcxKC5PQZdn2DMqioAQ2NoWcrTKmm6g=="],

    "expect-type": ["expect-type@1.4.0", "", {}, "sha512-KfYbmpRm0VbLjEvVa9yGwCi9GI34xvi7A/HXYWQO65CSD2u3MczUJSuwXKFIxlGsgBQizV9q5J9NHj4VG0n+pA=="],

    "fdir": ["fdir@6.5.0", "", { "peerDependencies": { "picomatch": "^3 || ^4" } }, "sha512-tIbYtZbucOs0BRGqPJkshJUYdL+SDH7dVM8gjy+ERp3WAUjLEFJE+02kanyHtwjWOnwrKYBiwAmM0p4kLJAnXg=="],

    "fsevents": ["fsevents@2.3.3", "", { "os": "darwin" }, "sha512-5xoDfX+fL7faATnagmWPpbFtwh/R77WmMMqqHGS65C3vvB0YHrgF+B1YmZ3441tMj5n63k0212XNoJwzlhffQw=="],

    "is-reference": ["is-reference@3.0.3", "", { "dependencies": { "@types/estree": "^1.0.6" } }, "sha512-ixkJoqQvAP88E6wLydLGGqCJsrFUnqoH6HnaczB8XmDH1oaWU+xxdptvikTgaEhtZ53Ky6YXiBuUI2WXLMCwjw=="],

    "locate-character": ["locate-character@3.0.0", "", {}, "sha512-SW13ws7BjaeJ6p7Q6CO2nchbYEc3X3J6WrmTTDto7yMPqVSZTUyY5Tjbid+Ab8gLnATtygYtiDIJGQRRn2ZOiA=="],

    "lucide-svelte": ["lucide-svelte@0.468.0", "", { "peerDependencies": { "svelte": "^3 || ^4 || ^5.0.0-next.42" } }, "sha512-n0ecAFtCY5LEeL+PJ1Xj4n3c2gzj8tMpak0KMGnvoSJEjCsCnRB0mekBtJZAo7beyynW9Qj5Um1KfMBAeTNplw=="],

    "magic-string": ["magic-string@0.30.21", "", { "dependencies": { "@jridgewell/sourcemap-codec": "^1.5.5" } }, "sha512-vd2F4YUyEXKGcLHoq+TEyCjxueSeHnFxyyjNp80yg0XV4vUhnDer/lvvlqM/arB5bXQN5K2/3oinyCRyx8T2CQ=="],

    "mri": ["mri@1.2.0", "", {}, "sha512-tzzskb3bG8LvYGFF/mDTpq3jpI6Q9wc3LEmBaghu+DdCssd1FakN7Bc0hVNmEyGq1bq3RgfkCb3cmQLpNPOroA=="],

    "nanoid": ["nanoid@3.3.19", "", { "bin": "bin/nanoid.cjs" }, "sha512-Y2tUNy4ouw6tq5oDSKeQYGOyhkUBhNOcGV/02KC+6kd9eDGqdZd++mjMiIDilrBYvjEnCYvVtsuHCuP+okSfug=="],

    "obug": ["obug@2.2.1", "", {}, "sha512-XrsrhT5sybtKI6wakr2SPOlGZWWYbUXZ7a0jT8/QOeAPau+1X/bSegNe5YR75oJmEZQbKningirmGOEJCIk61Q=="],

    "pathe": ["pathe@2.0.3", "", {}, "sha512-WUjGcAqP1gQacoQe+OBJsFA7Ld4DyXuUIjZ5cc75cLHvJ7dtNsTugphxIADwspS+AraAUePCKrSVtPLFj/F88w=="],

    "picocolors": ["picocolors@1.1.1", "", {}, "sha512-xceH2snhtb5M9liqDsmEw56le376mTZkEX/jEb/RxNFyegNul7eNslCXP9FDj/Lcu0X8KEyMceP2ntpaHrDEVA=="],

    "picomatch": ["picomatch@4.0.7", "", {}, "sha512-qcJu88Q2IWqJsDD529JKMdwGm/dvInW4HvQnRwiH9JtihJvzGOscDtHE3x1pBKeUOTysQ8kVmLnJ2kJu7yhcGA=="],

    "postcss": ["postcss@8.5.28", "", { "dependencies": { "nanoid": "^3.3.18", "picocolors": "^1.1.1", "source-map-js": "^1.2.1" } }, "sha512-RRuzqDtt5Y9h3quz5hWhK+TPnsmVs6WwSU6LkJMeY4HstUEDuYTG8UJSdawMRzmzAtV+KEoG8N3Qg2qLy5vM/A=="],

    "prettier": ["prettier@3.9.9", "", { "bin": "bin/prettier.cjs" }, "sha512-Z/CJHIkdujO/OtN7nXUii0Rf3VT5SRuhjBA82Xvu2XhBUgX3nhP67T0LHceBdQLex7OOFGTox+Q5Yg8Jk2Qivg=="],

    "prettier-plugin-svelte": ["prettier-plugin-svelte@4.1.1", "", { "peerDependencies": { "prettier": "^3.0.0", "svelte": "^5.0.0" } }, "sha512-wXvbXMjSvb4C9ENWTHXyd+ihakKCsJ6rJhLP6/8HFNj4GkZr48jqL9PoKsl2sk7SyCZRTnJ7O2TTowUpOxP/KA=="],

    "readdirp": ["readdirp@4.1.2", "", {}, "sha512-GDhwkLfywWL2s6vEjyhri+eXmfH6j1L7JE27WhqLeYzoh/A3DBaYGEj2H/HFZCn/kMfim73FXxEJTw06WtxQwg=="],

    "rollup": ["rollup@4.63.6", "", { "dependencies": { "@types/estree": "1.0.9" }, "optionalDependencies": { "@napi-rs/lzma-linux-x64-gnu": "1.5.1", "@rollup/rollup-android-arm-eabi": "4.63.6", "@rollup/rollup-android-arm64": "4.63.6", "@rollup/rollup-darwin-arm64": "4.63.6", "@rollup/rollup-darwin-x64": "4.63.6", "@rollup/rollup-freebsd-arm64": "4.63.6", "@rollup/rollup-freebsd-x64": "4.63.6", "@rollup/rollup-linux-arm-gnueabihf": "4.63.6", "@rollup/rollup-linux-arm-musleabihf": "4.63.6", "@rollup/rollup-linux-arm64-gnu": "4.63.6", "@rollup/rollup-linux-arm64-musl": "4.63.6", "@rollup/rollup-linux-loong64-gnu": "4.63.6", "@rollup/rollup-linux-loong64-musl": "4.63.6", "@rollup/rollup-linux-ppc64-gnu": "4.63.6", "@rollup/rollup-linux-ppc64-musl": "4.63.6", "@rollup/rollup-linux-riscv64-gnu": "4.63.6", "@rollup/rollup-linux-riscv64-musl": "4.63.6", "@rollup/rollup-linux-s390x-gnu": "4.63.6", "@rollup/rollup-linux-x64-gnu": "4.63.6", "@rollup/rollup-linux-x64-musl": "4.63.6", "@rollup/rollup-openbsd-x64": "4.63.6", "@rollup/rollup-openharmony-arm64": "4.63.6", "@rollup/rollup-win32-arm64-msvc": "4.63.6", "@rollup/rollup-win32-ia32-msvc": "4.63.6", "@rollup/rollup-win32-x64-gnu": "4.63.6", "@rollup/rollup-win32-x64-msvc": "4.63.6", "fsevents": "~2.3.2" }, "bin": "dist/bin/rollup" }, "sha512-w4+GKyTBqshj84F1GF3s2zxAPFZPEmNkCbQtqilsYS7GsksmX6VoV7UggfZg8sUHCCOkBe7UtQp6fZwbH311FQ=="],

    "sade": ["sade@1.8.1", "", { "dependencies": { "mri": "^1.1.0" } }, "sha512-xal3CZX1Xlo/k4ApwCFrHVACi9fBqJ7V+mwhBsuf/1IOKbBy098Fex+Wa/5QMubw09pSZ/u8EY8PWgevJsXp1A=="],

    "siginfo": ["siginfo@2.0.0", "", {}, "sha512-ybx0WO1/8bSBLEWXZvEd7gMW3Sn3JFlW3TvX1nREbDLRNQNaeNN8WK0meBwPdAaOI7TtRRRJn/Es1zhrrCHu7g=="],

    "source-map-js": ["source-map-js@1.2.2", "", {}, "sha512-KGj/8Y43x35aZVDtt+J4mK1hoLGHULMYfSkODJNQjNDC3oW1PqPoxMwo0pLUsWM/UEGzON/NxeHywEfNXNP3Vw=="],

    "stackback": ["stackback@0.0.2", "", {}, "sha512-1XMJE5fQo1jGH6Y/7ebnwPOBEkIEnT4QF32d5R1+VXdXveM0IBMJt8zfaxX1P3QhVwrYe+576+jkANtSS2mBbw=="],

    "std-env": ["std-env@4.3.0", "", {}, "sha512-OtU/EgQ1kIm5KwqQpBC6ZEMXrZRui11w8zgfTWp8cdO9B8OaPsbA8bTHO2P+HNo1VlUTGMVBwPhydu6poeXiag=="],

    "svelte": ["svelte@5.57.1", "", { "dependencies": { "@jridgewell/remapping": "^2.3.5", "@jridgewell/sourcemap-codec": "^1.6.0", "@sveltejs/acorn-typescript": "^1.0.13", "@types/estree": "^1.0.9", "acorn": "^8.18.0", "aria-query": "5.3.1", "axobject-query": "^4.1.0", "clsx": "^2.1.1", "devalue": "^5.9.2", "esm-env": "^1.2.1", "esrap": "^2.3.6", "is-reference": "^3.0.3", "locate-character": "^3.0.0", "magic-string": "^0.30.11", "zimmerframe": "^1.1.2" } }, "sha512-Uqj49lWKB+iSSnneuwiYYJ7MZgkB+eXr0LXBhv4uDuAkXqnWmq65Sxflfvp0Lc6MdKjMUxGaeOKWJqz5SNiVIA=="],

    "svelte-check": ["svelte-check@4.7.6", "", { "dependencies": { "@jridgewell/trace-mapping": "^0.3.25", "@sveltejs/load-config": "^0.2.3", "chokidar": "^4.0.1", "fdir": "^6.2.0", "picocolors": "^1.0.0", "sade": "^1.7.4" }, "peerDependencies": { "svelte": "^4.0.0 || ^5.0.0-next.0", "typescript": "^5.0.0 || ^6.0.0" }, "bin": "bin/svelte-check" }, "sha512-t2scM//ZuVbSY/T2w6FSBw1v9s2NEmh/g+sy1lqtosW5ylBV5AF4wFb1Ts9Kf3MbfPDUDJDZ9L436YT0SPTdvw=="],

    "tinybench": ["tinybench@2.9.0", "", {}, "sha512-0+DUvqWMValLmha6lr4kD8iAMK1HzV0/aKnCtWb9v9641TnP/MFb7Pc2bxoxQjTXAErryXVgUOfv2YqNllqGeg=="],

    "tinyexec": ["tinyexec@1.3.1", "", {}, "sha512-GCvB3aoys96IuDFBMcTB46JOR6mdMtAToqwiW8JlWhsoh1mhHi/xn9ss/Dg7N555GiJyEt2qzoG/NHCwM6h1EA=="],

    "tinyglobby": ["tinyglobby@0.2.17", "", { "dependencies": { "fdir": "^6.5.0", "picomatch": "^4.0.4" } }, "sha512-wXR/dYpcqKmfWpEdZjiKJOwCNFndD0DMnrW/cYjVGttEkBfVgcLFHoNrlj47mjOVic9yyNu65alsgF4NQyTa2g=="],

    "tinyrainbow": ["tinyrainbow@3.2.0", "", {}, "sha512-LgO3D9yZJjApUiuUfl9iFAwrtaX4+lok3wJIqttGoKCHlWUqHqbQpnxCf82L8FjgKsh4iGo78hqJwgL8F6To2A=="],

    "typescript": ["typescript@5.9.3", "", { "bin": { "tsc": "bin/tsc", "tsserver": "bin/tsserver" } }, "sha512-jl1vZzPDinLr9eUt3J/t7V6FgNEw9QjvBPdysz9KfQDD41fQrC2Y4vKQdiaUpFT4bXlb1RHhLpp8wtm6M5TgSw=="],

    "vite": ["vite@7.3.6", "", { "dependencies": { "esbuild": "^0.27.0 || ^0.28.0", "fdir": "^6.5.0", "picomatch": "^4.0.3", "postcss": "^8.5.6", "rollup": "^4.43.0", "tinyglobby": "^0.2.15" }, "optionalDependencies": { "fsevents": "~2.3.3" }, "peerDependencies": { "@types/node": "^20.19.0 || >=22.12.0", "jiti": ">=1.21.0", "less": "^4.0.0", "lightningcss": "^1.21.0", "sass": "^1.70.0", "sass-embedded": "^1.70.0", "stylus": ">=0.54.8", "sugarss": "^5.0.0", "terser": "^5.16.0", "tsx": "^4.8.1", "yaml": "^2.4.2" }, "optionalPeers": ["@types/node", "jiti", "less", "lightningcss", "sass", "sass-embedded", "stylus", "sugarss", "terser", "tsx", "yaml"], "bin": "bin/vite.js" }, "sha512-4XP60spRGjSZFf1qYH+dJIkK2znL3zQfl9KkOV9MkkRR/3Dls0dxaBsQPTloEc5BLXWPL9vsOxopxyKoMmDueg=="],

    "vitefu": ["vitefu@1.1.3", "", { "peerDependencies": { "vite": "^3.0.0 || ^4.0.0 || ^5.0.0 || ^6.0.0 || ^7.0.0 || ^8.0.0" } }, "sha512-ub4okH7Z5KLjb6hDyjqrGXqWtWvoYdU3IGm/NorpgHncKoLTCfRIbvlhBm7r0YstIaQRYlp4yEbFqDcKSzXSSg=="],

    "vitest": ["vitest@4.1.11", "", { "dependencies": { "@vitest/expect": "4.1.11", "@vitest/mocker": "4.1.11", "@vitest/pretty-format": "4.1.11", "@vitest/runner": "4.1.11", "@vitest/snapshot": "4.1.11", "@vitest/spy": "4.1.11", "@vitest/utils": "4.1.11", "es-module-lexer": "^2.0.0", "expect-type": "^1.3.0", "magic-string": "^0.30.21", "obug": "^2.1.1", "pathe": "^2.0.3", "picomatch": "^4.0.3", "std-env": "^4.0.0-rc.1", "tinybench": "^2.9.0", "tinyexec": "^1.0.2", "tinyglobby": "^0.2.15", "tinyrainbow": "^3.1.0", "vite": "^6.0.0 || ^7.0.0 || ^8.0.0", "why-is-node-running": "^2.3.0" }, "peerDependencies": { "@edge-runtime/vm": "*", "@opentelemetry/api": "^1.9.0", "@types/node": "^20.0.0 || ^22.0.0 || >=24.0.0", "@vitest/browser-playwright": "4.1.11", "@vitest/browser-preview": "4.1.11", "@vitest/browser-webdriverio": "4.1.11", "@vitest/coverage-istanbul": "4.1.11", "@vitest/coverage-v8": "4.1.11", "@vitest/ui": "4.1.11", "happy-dom": "*", "jsdom": "*", "vite": "^6.0.0 || ^7.0.0 || ^8.0.0" }, "optionalPeers": ["@edge-runtime/vm", "@opentelemetry/api", "@types/node", "@vitest/browser-playwright", "@vitest/browser-preview", "@vitest/browser-webdriverio", "@vitest/coverage-istanbul", "@vitest/coverage-v8", "@vitest/ui", "happy-dom", "jsdom"], "bin": "vitest.mjs" }, "sha512-fhACrNXUidIbGSBr5FlbuBkO7VWC1ZyLl0DO4CU2DrQoAPxX84Ysxs+HeGQpii5lZWV1Q4gBZTTu49mF+A6Edw=="],

    "why-is-node-running": ["why-is-node-running@2.3.0", "", { "dependencies": { "siginfo": "^2.0.0", "stackback": "0.0.2" }, "bin": "cli.js" }, "sha512-hUrmaWBdVDcxvYqnyh09zunKzROWjbZTiNy8dBEjkS7ehEDQibXJ7XvlmtbwuTclUiIyN+CyXQD4Vmko8fNm8w=="],

    "zimmerframe": ["zimmerframe@1.1.5", "", {}, "sha512-msJxIvYDYcoNL+PJsu+7qmpDWsYmAxTY+2TNYXXF0hzBzBk0BMecOqDOG/EckUoKCuKwObfbugIl8QpqHDXeFA=="],
  }
}
